
Microsoft Visual Studio Solution File, Format Version 12.00
# Visual Studio Version 17
VisualStudioVersion = 17.10.35027.167
MinimumVisualStudioVersion = 10.0.40219.1
Project("{FAE04EC0-301F-11D3-BF4B-00C04F79EFBC}") = "gestpro", "gestpro.csproj", "{A2D6CAE4-F089-41FF-AC27-DB5B135EB81B}"
EndProject
Global
	GlobalSection(SolutionConfigurationPlatforms) = preSolution
		Debug|Any CPU = Debug|Any CPU
		Release|Any CPU = Release|Any CPU
	EndGlobalSection
	GlobalSection(ProjectConfigurationPlatforms) = postSolution
		{A2D6CAE4-F089-41FF-AC27-DB5B135EB81B}.Debug|Any CPU.ActiveCfg = Debug|Any CPU
		{A2D6CAE4-F089-41FF-AC27-DB5B135EB81B}.Debug|Any CPU.Build.0 = Debug|Any CPU
		{A2D6CAE4-F089-41FF-AC27-DB5B135EB81B}.Release|Any CPU.ActiveCfg = Release|Any CPU
		{A2D6CAE4-F089-41FF-AC27-DB5B135EB81B}.Release|Any CPU.Build.0 = Release|Any CPU
	EndGlobalSection
	GlobalSection(SolutionProperties) = preSolution
		HideSolutionNode = FALSE
	EndGlobalSection
	GlobalSection(ExtensibilityGlobals) = postSolution
		SolutionGuid = {11CD6AAA-019E-4559-BF03-BDB7794386BF}
	EndGlobalSection
EndGlobal
